<Solution>
  <Project Path="LibraryManagementSystem.Application/LibraryManagementSystem.Application.csproj" />
  <Project Path="LibraryManagementSystem.Domain/LibraryManagementSystem.Domain.csproj" />
  <Project Path="LibraryManagementSystem.Infrastructure/LibraryManagementSystem.Infrastructure.csproj" />
  <Project Path="LibraryManagementSystem.Presentation/LibraryManagementSystem.Presentation.csproj" />
</Solution>
